// !$*UTF8*$!
{
	archiveVersion = 1;
	classes = {
	};
	objectVersion = 50;
	objects = {

/* Begin PBXBuildFile section */
		903972DE2368D1BB00512355 /* AppDelegate.swift in Sources */ = {isa = PBXBuildFile; fileRef = 903972DD2368D1BB00512355 /* AppDelegate.swift */; };
		903972E02368D1BB00512355 /* SceneDelegate.swift in Sources */ = {isa = PBXBuildFile; fileRef = 903972DF2368D1BB00512355 /* SceneDelegate.swift */; };
		903972E22368D1BB00512355 /* ContentView.swift in Sources */ = {isa = PBXBuildFile; fileRef = 903972E12368D1BB00512355 /* ContentView.swift */; };
		903972E42368D1BE00512355 /* Assets.xcassets in Resources */ = {isa = PBXBuildFile; fileRef = 903972E32368D1BE00512355 /* Assets.xcassets */; };
		903972E72368D1BE00512355 /* Preview Assets.xcassets in Resources */ = {isa = PBXBuildFile; fileRef = 903972E62368D1BE00512355 /* Preview Assets.xcassets */; };
		903972EA2368D1BE00512355 /* LaunchScreen.storyboard in Resources */ = {isa = PBXBuildFile; fileRef = 903972E82368D1BE00512355 /* LaunchScreen.storyboard */; };
		906FE9AE2368D3E800EE886C /* HttpClient.swift in Sources */ = {isa = PBXBuildFile; fileRef = 906FE9AD2368D3E800EE886C /* HttpClient.swift */; };
		906FE9B02368D5A400EE886C /* JSONHelper.swift in Sources */ = {isa = PBXBuildFile; fileRef = 906FE9AF2368D5A400EE886C /* JSONHelper.swift */; };
		906FE9B32368D5C700EE886C /* Data+Extension.swift in Sources */ = {isa = PBXBuildFile; fileRef = 906FE9B22368D5C700EE886C /* Data+Extension.swift */; };
		906FE9B52368D62D00EE886C /* ProfileService.swift in Sources */ = {isa = PBXBuildFile; fileRef = 906FE9B42368D62D00EE886C /* ProfileService.swift */; };
		906FE9B82368D6C800EE886C /* Profile.swift in Sources */ = {isa = PBXBuildFile; fileRef = 906FE9B72368D6C800EE886C /* Profile.swift */; };
		906FE9BA2368D6F300EE886C /* General.swift in Sources */ = {isa = PBXBuildFile; fileRef = 906FE9B92368D6F300EE886C /* General.swift */; };
		906FE9BC2368D75E00EE886C /* Experience.swift in Sources */ = {isa = PBXBuildFile; fileRef = 906FE9BB2368D75E00EE886C /* Experience.swift */; };
		906FE9BF2368D80F00EE886C /* TimeEntry.swift in Sources */ = {isa = PBXBuildFile; fileRef = 906FE9BE2368D80F00EE886C /* TimeEntry.swift */; };
		906FE9C12368D83E00EE886C /* Education.swift in Sources */ = {isa = PBXBuildFile; fileRef = 906FE9C02368D83E00EE886C /* Education.swift */; };
		906FE9C32368D87800EE886C /* Skill.swift in Sources */ = {isa = PBXBuildFile; fileRef = 906FE9C22368D87800EE886C /* Skill.swift */; };
		906FE9C52368D96B00EE886C /* Localizable.strings in Resources */ = {isa = PBXBuildFile; fileRef = 906FE9C42368D96B00EE886C /* Localizable.strings */; };
/* End PBXBuildFile section */

/* Begin PBXFileReference section */
		903972DA2368D1BB00512355 /* Resume.app */ = {isa = PBXFileReference; explicitFileType = wrapper.application; includeInIndex = 0; path = Resume.app; sourceTree = BUILT_PRODUCTS_DIR; };
		903972DD2368D1BB00512355 /* AppDelegate.swift */ = {isa = PBXFileReference; lastKnownFileType = sourcecode.swift; path = AppDelegate.swift; sourceTree = "<group>"; };
		903972DF2368D1BB00512355 /* SceneDelegate.swift */ = {isa = PBXFileReference; lastKnownFileType = sourcecode.swift; path = SceneDelegate.swift; sourceTree = "<group>"; };
		903972E12368D1BB00512355 /* ContentView.swift */ = {isa = PBXFileReference; lastKnownFileType = sourcecode.swift; path = ContentView.swift; sourceTree = "<group>"; };
		903972E32368D1BE00512355 /* Assets.xcassets */ = {isa = PBXFileReference; lastKnownFileType = folder.assetcatalog; path = Assets.xcassets; sourceTree = "<group>"; };
		903972E62368D1BE00512355 /* Preview Assets.xcassets */ = {isa = PBXFileReference; lastKnownFileType = folder.assetcatalog; path = "Preview Assets.xcassets"; sourceTree = "<group>"; };
		903972E92368D1BE00512355 /* Base */ = {isa = PBXFileReference; lastKnownFileType = file.storyboard; name = Base; path = Base.lproj/LaunchScreen.storyboard; sourceTree = "<group>"; };
		903972EB2368D1BE00512355 /* Info.plist */ = {isa = PBXFileReference; lastKnownFileType = text.plist.xml; path = Info.plist; sourceTree = "<group>"; };
		906FE9AD2368D3E800EE886C /* HttpClient.swift */ = {isa = PBXFileReference; lastKnownFileType = sourcecode.swift; path = HttpClient.swift; sourceTree = "<group>"; };
		906FE9AF2368D5A400EE886C /* JSONHelper.swift */ = {isa = PBXFileReference; lastKnownFileType = sourcecode.swift; path = JSONHelper.swift; sourceTree = "<group>"; };
		906FE9B22368D5C700EE886C /* Data+Extension.swift */ = {isa = PBXFileReference; lastKnownFileType = sourcecode.swift; path = "Data+Extension.swift"; sourceTree = "<group>"; };
		906FE9B42368D62D00EE886C /* ProfileService.swift */ = {isa = PBXFileReference; lastKnownFileType = sourcecode.swift; path = ProfileService.swift; sourceTree = "<group>"; };
		906FE9B72368D6C800EE886C /* Profile.swift */ = {isa = PBXFileReference; lastKnownFileType = sourcecode.swift; path = Profile.swift; sourceTree = "<group>"; };
		906FE9B92368D6F300EE886C /* General.swift */ = {isa = PBXFileReference; lastKnownFileType = sourcecode.swift; path = General.swift; sourceTree = "<group>"; };
		906FE9BB2368D75E00EE886C /* Experience.swift */ = {isa = PBXFileReference; lastKnownFileType = sourcecode.swift; path = Experience.swift; sourceTree = "<group>"; };
		906FE9BE2368D80F00EE886C /* TimeEntry.swift */ = {isa = PBXFileReference; lastKnownFileType = sourcecode.swift; path = TimeEntry.swift; sourceTree = "<group>"; };
		906FE9C02368D83E00EE886C /* Education.swift */ = {isa = PBXFileReference; lastKnownFileType = sourcecode.swift; path = Education.swift; sourceTree = "<group>"; };
		906FE9C22368D87800EE886C /* Skill.swift */ = {isa = PBXFileReference; lastKnownFileType = sourcecode.swift; path = Skill.swift; sourceTree = "<group>"; };
		906FE9C42368D96B00EE886C /* Localizable.strings */ = {isa = PBXFileReference; lastKnownFileType = text.plist.strings; path = Localizable.strings; sourceTree = "<group>"; };
/* End PBXFileReference section */

/* Begin PBXFrameworksBuildPhase section */
		903972D72368D1BB00512355 /* Frameworks */ = {
			isa = PBXFrameworksBuildPhase;
			buildActionMask = 2147483647;
			files = (
			);
			runOnlyForDeploymentPostprocessing = 0;
		};
/* End PBXFrameworksBuildPhase section */

/* Begin PBXGroup section */
		903972D12368D1BB00512355 = {
			isa = PBXGroup;
			children = (
				903972DC2368D1BB00512355 /* Resume */,
				903972DB2368D1BB00512355 /* Products */,
			);
			sourceTree = "<group>";
		};
		903972DB2368D1BB00512355 /* Products */ = {
			isa = PBXGroup;
			children = (
				903972DA2368D1BB00512355 /* Resume.app */,
			);
			name = Products;
			sourceTree = "<group>";
		};
		903972DC2368D1BB00512355 /* Resume */ = {
			isa = PBXGroup;
			children = (
				906FE9B62368D6B400EE886C /* Models */,
				906FE9B12368D5B100EE886C /* Extensions */,
				906FE9AC2368D3AB00EE886C /* Network */,
				903972DD2368D1BB00512355 /* AppDelegate.swift */,
				903972DF2368D1BB00512355 /* SceneDelegate.swift */,
				903972E12368D1BB00512355 /* ContentView.swift */,
				903972E32368D1BE00512355 /* Assets.xcassets */,
				903972E82368D1BE00512355 /* LaunchScreen.storyboard */,
				903972EB2368D1BE00512355 /* Info.plist */,
				903972E52368D1BE00512355 /* Preview Content */,
				906FE9C42368D96B00EE886C /* Localizable.strings */,
			);
			path = Resume;
			sourceTree = "<group>";
		};
		903972E52368D1BE00512355 /* Preview Content */ = {
			isa = PBXGroup;
			children = (
				903972E62368D1BE00512355 /* Preview Assets.xcassets */,
			);
			path = "Preview Content";
			sourceTree = "<group>";
		};
		906FE9AC2368D3AB00EE886C /* Network */ = {
			isa = PBXGroup;
			children = (
				906FE9AD2368D3E800EE886C /* HttpClient.swift */,
				906FE9AF2368D5A400EE886C /* JSONHelper.swift */,
				906FE9B42368D62D00EE886C /* ProfileService.swift */,
			);
			path = Network;
			sourceTree = "<group>";
		};
		906FE9B12368D5B100EE886C /* Extensions */ = {
			isa = PBXGroup;
			children = (
				906FE9B22368D5C700EE886C /* Data+Extension.swift */,
			);
			path = Extensions;
			sourceTree = "<group>";
		};
		906FE9B62368D6B400EE886C /* Models */ = {
			isa = PBXGroup;
			children = (
				906FE9B72368D6C800EE886C /* Profile.swift */,
				906FE9B92368D6F300EE886C /* General.swift */,
				906FE9BB2368D75E00EE886C /* Experience.swift */,
				906FE9BE2368D80F00EE886C /* TimeEntry.swift */,
				906FE9C02368D83E00EE886C /* Education.swift */,
				906FE9C22368D87800EE886C /* Skill.swift */,
			);
			path = Models;
			sourceTree = "<group>";
		};
/* End PBXGroup section */

/* Begin PBXNativeTarget section */
		903972D92368D1BB00512355 /* Resume */ = {
			isa = PBXNativeTarget;
			buildConfigurationList = 903972EE2368D1BE00512355 /* Build configuration list for PBXNativeTarget "Resume" */;
			buildPhases = (
				903972D62368D1BB00512355 /* Sources */,
				903972D72368D1BB00512355 /* Frameworks */,
				903972D82368D1BB00512355 /* Resources */,
			);
			buildRules = (
			);
			dependencies = (
			);
			name = Resume;
			productName = Resume;
			productReference = 903972DA2368D1BB00512355 /* Resume.app */;
			productType = "com.apple.product-type.application";
		};
/* End PBXNativeTarget section */

/* Begin PBXProject section */
		903972D22368D1BB00512355 /* Project object */ = {
			isa = PBXProject;
			attributes = {
				LastSwiftUpdateCheck = 1110;
				LastUpgradeCheck = 1110;
				ORGANIZATIONNAME = "Jakub Kurgan";
				TargetAttributes = {
					903972D92368D1BB00512355 = {
						CreatedOnToolsVersion = 11.1;
					};
				};
			};
			buildConfigurationList = 903972D52368D1BB00512355 /* Build configuration list for PBXProject "Resume" */;
			compatibilityVersion = "Xcode 9.3";
			developmentRegion = en;
			hasScannedForEncodings = 0;
			knownRegions = (
				en,
				Base,
			);
			mainGroup = 903972D12368D1BB00512355;
			productRefGroup = 903972DB2368D1BB00512355 /* Products */;
			projectDirPath = "";
			projectRoot = "";
			targets = (
				903972D92368D1BB00512355 /* Resume */,
			);
		};
/* End PBXProject section */

/* Begin PBXResourcesBuildPhase section */
		903972D82368D1BB00512355 /* Resources */ = {
			isa = PBXResourcesBuildPhase;
			buildActionMask = 2147483647;
			files = (
				903972EA2368D1BE00512355 /* LaunchScreen.storyboard in Resources */,
				906FE9C52368D96B00EE886C /* Localizable.strings in Resources */,
				903972E72368D1BE00512355 /* Preview Assets.xcassets in Resources */,
				903972E42368D1BE00512355 /* Assets.xcassets in Resources */,
			);
			runOnlyForDeploymentPostprocessing = 0;
		};
/* End PBXResourcesBuildPhase section */

/* Begin PBXSourcesBuildPhase section */
		903972D62368D1BB00512355 /* Sources */ = {
			isa = PBXSourcesBuildPhase;
			buildActionMask = 2147483647;
			files = (
				903972DE2368D1BB00512355 /* AppDelegate.swift in Sources */,
				906FE9C32368D87800EE886C /* Skill.swift in Sources */,
				906FE9BF2368D80F00EE886C /* TimeEntry.swift in Sources */,
				906FE9C12368D83E00EE886C /* Education.swift in Sources */,
				906FE9B82368D6C800EE886C /* Profile.swift in Sources */,
				903972E02368D1BB00512355 /* SceneDelegate.swift in Sources */,
				906FE9BC2368D75E00EE886C /* Experience.swift in Sources */,
				906FE9BA2368D6F300EE886C /* General.swift in Sources */,
				906FE9AE2368D3E800EE886C /* HttpClient.swift in Sources */,
				903972E22368D1BB00512355 /* ContentView.swift in Sources */,
				906FE9B02368D5A400EE886C /* JSONHelper.swift in Sources */,
				906FE9B32368D5C700EE886C /* Data+Extension.swift in Sources */,
				906FE9B52368D62D00EE886C /* ProfileService.swift in Sources */,
			);
			runOnlyForDeploymentPostprocessing = 0;
		};
/* End PBXSourcesBuildPhase section */

/* Begin PBXVariantGroup section */
		903972E82368D1BE00512355 /* LaunchScreen.storyboard */ = {
			isa = PBXVariantGroup;
			children = (
				903972E92368D1BE00512355 /* Base */,
			);
			name = LaunchScreen.storyboard;
			sourceTree = "<group>";
		};
/* End PBXVariantGroup section */

/* Begin XCBuildConfiguration section */
		903972EC2368D1BE00512355 /* Debug */ = {
			isa = XCBuildConfiguration;
			buildSettings = {
				ALWAYS_SEARCH_USER_PATHS = NO;
				CLANG_ANALYZER_NONNULL = YES;
				CLANG_ANALYZER_NUMBER_OBJECT_CONVERSION = YES_AGGRESSIVE;
				CLANG_CXX_LANGUAGE_STANDARD = "gnu++14";
				CLANG_CXX_LIBRARY = "libc++";
				CLANG_ENABLE_MODULES = YES;
				CLANG_ENABLE_OBJC_ARC = YES;
				CLANG_ENABLE_OBJC_WEAK = YES;
				CLANG_WARN_BLOCK_CAPTURE_AUTORELEASING = YES;
				CLANG_WARN_BOOL_CONVERSION = YES;
				CLANG_WARN_COMMA = YES;
				CLANG_WARN_CONSTANT_CONVERSION = YES;
				CLANG_WARN_DEPRECATED_OBJC_IMPLEMENTATIONS = YES;
				CLANG_WARN_DIRECT_OBJC_ISA_USAGE = YES_ERROR;
				CLANG_WARN_DOCUMENTATION_COMMENTS = YES;
				CLANG_WARN_EMPTY_BODY = YES;
				CLANG_WARN_ENUM_CONVERSION = YES;
				CLANG_WARN_INFINITE_RECURSION = YES;
				CLANG_WARN_INT_CONVERSION = YES;
				CLANG_WARN_NON_LITERAL_NULL_CONVERSION = YES;
				CLANG_WARN_OBJC_IMPLICIT_RETAIN_SELF = YES;
				CLANG_WARN_OBJC_LITERAL_CONVERSION = YES;
				CLANG_WARN_OBJC_ROOT_CLASS = YES_ERROR;
				CLANG_WARN_RANGE_LOOP_ANALYSIS = YES;
				CLANG_WARN_STRICT_PROTOTYPES = YES;
				CLANG_WARN_SUSPICIOUS_MOVE = YES;
				CLANG_WARN_UNGUARDED_AVAILABILITY = YES_AGGRESSIVE;
				CLANG_WARN_UNREACHABLE_CODE = YES;
				CLANG_WARN__DUPLICATE_METHOD_MATCH = YES;
				COPY_PHASE_STRIP = NO;
				DEBUG_INFORMATION_FORMAT = dwarf;
				ENABLE_STRICT_OBJC_MSGSEND = YES;
				ENABLE_TESTABILITY = YES;
				GCC_C_LANGUAGE_STANDARD = gnu11;
				GCC_DYNAMIC_NO_PIC = NO;
				GCC_NO_COMMON_BLOCKS = YES;
				GCC_OPTIMIZATION_LEVEL = 0;
				GCC_PREPROCESSOR_DEFINITIONS = (
					"DEBUG=1",
					"$(inherited)",
				);
				GCC_WARN_64_TO_32_BIT_CONVERSION = YES;
				GCC_WARN_ABOUT_RETURN_TYPE = YES_ERROR;
				GCC_WARN_UNDECLARED_SELECTOR = YES;
				GCC_WARN_UNINITIALIZED_AUTOS = YES_AGGRESSIVE;
				GCC_WARN_UNUSED_FUNCTION = YES;
				GCC_WARN_UNUSED_VARIABLE = YES;
				IPHONEOS_DEPLOYMENT_TARGET = 13.1;
				MTL_ENABLE_DEBUG_INFO = INCLUDE_SOURCE;
				MTL_FAST_MATH = YES;
				ONLY_ACTIVE_ARCH = YES;
				SDKROOT = iphoneos;
				SWIFT_ACTIVE_COMPILATION_CONDITIONS = DEBUG;
				SWIFT_OPTIMIZATION_LEVEL = "-Onone";
			};
			name = Debug;
		};
		903972ED2368D1BE00512355 /* Release */ = {
			isa = XCBuildConfiguration;
			buildSettings = {
				ALWAYS_SEARCH_USER_PATHS = NO;
				CLANG_ANALYZER_NONNULL = YES;
				CLANG_ANALYZER_NUMBER_OBJECT_CONVERSION = YES_AGGRESSIVE;
				CLANG_CXX_LANGUAGE_STANDARD = "gnu++14";
				CLANG_CXX_LIBRARY = "libc++";
				CLANG_ENABLE_MODULES = YES;
				CLANG_ENABLE_OBJC_ARC = YES;
				CLANG_ENABLE_OBJC_WEAK = YES;
				CLANG_WARN_BLOCK_CAPTURE_AUTORELEASING = YES;
				CLANG_WARN_BOOL_CONVERSION = YES;
				CLANG_WARN_COMMA = YES;
				CLANG_WARN_CONSTANT_CONVERSION = YES;
				CLANG_WARN_DEPRECATED_OBJC_IMPLEMENTATIONS = YES;
				CLANG_WARN_DIRECT_OBJC_ISA_USAGE = YES_ERROR;
				CLANG_WARN_DOCUMENTATION_COMMENTS = YES;
				CLANG_WARN_EMPTY_BODY = YES;
				CLANG_WARN_ENUM_CONVERSION = YES;
				CLANG_WARN_INFINITE_RECURSION = YES;
				CLANG_WARN_INT_CONVERSION = YES;
				CLANG_WARN_NON_LITERAL_NULL_CONVERSION = YES;
				CLANG_WARN_OBJC_IMPLICIT_RETAIN_SELF = YES;
				CLANG_WARN_OBJC_LITERAL_CONVERSION = YES;
				CLANG_WARN_OBJC_ROOT_CLASS = YES_ERROR;
				CLANG_WARN_RANGE_LOOP_ANALYSIS = YES;
				CLANG_WARN_STRICT_PROTOTYPES = YES;
				CLANG_WARN_SUSPICIOUS_MOVE = YES;
				CLANG_WARN_UNGUARDED_AVAILABILITY = YES_AGGRESSIVE;
				CLANG_WARN_UNREACHABLE_CODE = YES;
				CLANG_WARN__DUPLICATE_METHOD_MATCH = YES;
				COPY_PHASE_STRIP = NO;
				DEBUG_INFORMATION_FORMAT = "dwarf-with-dsym";
				ENABLE_NS_ASSERTIONS = NO;
				ENABLE_STRICT_OBJC_MSGSEND = YES;
				GCC_C_LANGUAGE_STANDARD = gnu11;
				GCC_NO_COMMON_BLOCKS = YES;
				GCC_WARN_64_TO_32_BIT_CONVERSION = YES;
				GCC_WARN_ABOUT_RETURN_TYPE = YES_ERROR;
				GCC_WARN_UNDECLARED_SELECTOR = YES;
				GCC_WARN_UNINITIALIZED_AUTOS = YES_AGGRESSIVE;
				GCC_WARN_UNUSED_FUNCTION = YES;
				GCC_WARN_UNUSED_VARIABLE = YES;
				IPHONEOS_DEPLOYMENT_TARGET = 13.1;
				MTL_ENABLE_DEBUG_INFO = NO;
				MTL_FAST_MATH = YES;
				SDKROOT = iphoneos;
				SWIFT_COMPILATION_MODE = wholemodule;
				SWIFT_OPTIMIZATION_LEVEL = "-O";
				VALIDATE_PRODUCT = YES;
			};
			name = Release;
		};
		903972EF2368D1BE00512355 /* Debug */ = {
			isa = XCBuildConfiguration;
			buildSettings = {
				ASSETCATALOG_COMPILER_APPICON_NAME = AppIcon;
				CODE_SIGN_STYLE = Automatic;
				DEVELOPMENT_ASSET_PATHS = "\"Resume/Preview Content\"";
				DEVELOPMENT_TEAM = 83R8684L4T;
				ENABLE_PREVIEWS = YES;
				INFOPLIST_FILE = Resume/Info.plist;
				LD_RUNPATH_SEARCH_PATHS = (
					"$(inherited)",
					"@executable_path/Frameworks",
				);
				PRODUCT_BUNDLE_IDENTIFIER = jakub.kurgan.Resume;
				PRODUCT_NAME = "$(TARGET_NAME)";
				SWIFT_VERSION = 5.0;
				TARGETED_DEVICE_FAMILY = "1,2";
			};
			name = Debug;
		};
		903972F02368D1BE00512355 /* Release */ = {
			isa = XCBuildConfiguration;
			buildSettings = {
				ASSETCATALOG_COMPILER_APPICON_NAME = AppIcon;
				CODE_SIGN_STYLE = Automatic;
				DEVELOPMENT_ASSET_PATHS = "\"Resume/Preview Content\"";
				DEVELOPMENT_TEAM = 83R8684L4T;
				ENABLE_PREVIEWS = YES;
				INFOPLIST_FILE = Resume/Info.plist;
				LD_RUNPATH_SEARCH_PATHS = (
					"$(inherited)",
					"@executable_path/Frameworks",
				);
				PRODUCT_BUNDLE_IDENTIFIER = jakub.kurgan.Resume;
				PRODUCT_NAME = "$(TARGET_NAME)";
				SWIFT_VERSION = 5.0;
				TARGETED_DEVICE_FAMILY = "1,2";
			};
			name = Release;
		};
/* End XCBuildConfiguration section */

/* Begin XCConfigurationList section */
		903972D52368D1BB00512355 /* Build configuration list for PBXProject "Resume" */ = {
			isa = XCConfigurationList;
			buildConfigurations = (
				903972EC2368D1BE00512355 /* Debug */,
				903972ED2368D1BE00512355 /* Release */,
			);
			defaultConfigurationIsVisible = 0;
			defaultConfigurationName = Release;
		};
		903972EE2368D1BE00512355 /* Build configuration list for PBXNativeTarget "Resume" */ = {
			isa = XCConfigurationList;
			buildConfigurations = (
				903972EF2368D1BE00512355 /* Debug */,
				903972F02368D1BE00512355 /* Release */,
			);
			defaultConfigurationIsVisible = 0;
			defaultConfigurationName = Release;
		};
/* End XCConfigurationList section */
	};
	rootObject = 903972D22368D1BB00512355 /* Project object */;
}
